
Microsoft Visual Studio Solution File, Format Version 12.00
# Visual Studio Version 16
VisualStudioVersion = 16.0.30114.105
MinimumVisualStudioVersion = 10.0.40219.1
Project("{2150E333-8FDC-42A3-9474-1A3956D46DE8}") = "src", "src", "{0C03C573-20D5-4B2B-89FD-8322E697F3F1}"
EndProject
Project("{FAE04EC0-301F-11D3-BF4B-00C04F79EFBC}") = "PlayApi", "src\PlayApi\PlayApi.csproj", "{F4DB7588-7BC1-448E-94C0-DC719C906814}"
EndProject
Global
	GlobalSection(SolutionConfigurationPlatforms) = preSolution
		Debug|Any CPU = Debug|Any CPU
		Release|Any CPU = Release|Any CPU
	EndGlobalSection
	GlobalSection(SolutionProperties) = preSolution
		HideSolutionNode = FALSE
	EndGlobalSection
	GlobalSection(ProjectConfigurationPlatforms) = postSolution
		{F4DB7588-7BC1-448E-94C0-DC719C906814}.Debug|Any CPU.ActiveCfg = Debug|Any CPU
		{F4DB7588-7BC1-448E-94C0-DC719C906814}.Debug|Any CPU.Build.0 = Debug|Any CPU
		{F4DB7588-7BC1-448E-94C0-DC719C906814}.Release|Any CPU.ActiveCfg = Release|Any CPU
		{F4DB7588-7BC1-448E-94C0-DC719C906814}.Release|Any CPU.Build.0 = Release|Any CPU
	EndGlobalSection
	GlobalSection(NestedProjects) = preSolution
		{F4DB7588-7BC1-448E-94C0-DC719C906814} = {0C03C573-20D5-4B2B-89FD-8322E697F3F1}
	EndGlobalSection
EndGlobal
